// !$*UTF8*$!
{
	archiveVersion = 1;
	classes = {
	};
	objectVersion = 50;
	objects = {

/* Begin PBXBuildFile section */
		BD1546C126B8327A006F6BE2 /* AppDelegate.swift in Sources */ = {isa = PBXBuildFile; fileRef = BD1546C026B8327A006F6BE2 /* AppDelegate.swift */; };
		BD1546C326B8327A006F6BE2 /* SceneDelegate.swift in Sources */ = {isa = PBXBuildFile; fileRef = BD1546C226B8327A006F6BE2 /* SceneDelegate.swift */; };
		BD1546C826B8327A006F6BE2 /* Main.storyboard in Resources */ = {isa = PBXBuildFile; fileRef = BD1546C626B8327A006F6BE2 /* Main.storyboard */; };
		BD1546CB26B8327A006F6BE2 /* ToDoList.xcdatamodeld in Sources */ = {isa = PBXBuildFile; fileRef = BD1546C926B8327A006F6BE2 /* ToDoList.xcdatamodeld */; };
		BD1546CD26B8327B006F6BE2 /* Assets.xcassets in Resources */ = {isa = PBXBuildFile; fileRef = BD1546CC26B8327B006F6BE2 /* Assets.xcassets */; };
		BD1546D026B8327B006F6BE2 /* LaunchScreen.storyboard in Resources */ = {isa = PBXBuildFile; fileRef = BD1546CE26B8327B006F6BE2 /* LaunchScreen.storyboard */; };
		BD1546DB26B8327B006F6BE2 /* ToDoListTests.swift in Sources */ = {isa = PBXBuildFile; fileRef = BD1546DA26B8327B006F6BE2 /* ToDoListTests.swift */; };
		BD1546E626B8327B006F6BE2 /* ToDoListUITests.swift in Sources */ = {isa = PBXBuildFile; fileRef = BD1546E526B8327B006F6BE2 /* ToDoListUITests.swift */; };
		BD1546F426B835EC006F6BE2 /* ToDoTableViewController.swift in Sources */ = {isa = PBXBuildFile; fileRef = BD1546F326B835EC006F6BE2 /* ToDoTableViewController.swift */; };
		BD1546F626B836FF006F6BE2 /* ToDo.swift in Sources */ = {isa = PBXBuildFile; fileRef = BD1546F526B836FF006F6BE2 /* ToDo.swift */; };
		BD1546F826B84C67006F6BE2 /* AddToDoViewController.swift in Sources */ = {isa = PBXBuildFile; fileRef = BD1546F726B84C67006F6BE2 /* AddToDoViewController.swift */; };
/* End PBXBuildFile section */

/* Begin PBXContainerItemProxy section */
		BD1546D726B8327B006F6BE2 /* PBXContainerItemProxy */ = {
			isa = PBXContainerItemProxy;
			containerPortal = BD1546B526B8327A006F6BE2 /* Project object */;
			proxyType = 1;
			remoteGlobalIDString = BD1546BC26B8327A006F6BE2;
			remoteInfo = ToDoList;
		};
		BD1546E226B8327B006F6BE2 /* PBXContainerItemProxy */ = {
			isa = PBXContainerItemProxy;
			containerPortal = BD1546B526B8327A006F6BE2 /* Project object */;
			proxyType = 1;
			remoteGlobalIDString = BD1546BC26B8327A006F6BE2;
			remoteInfo = ToDoList;
		};
/* End PBXContainerItemProxy section */

/* Begin PBXFileReference section */
		BD1546BD26B8327A006F6BE2 /* ToDoList.app */ = {isa = PBXFileReference; explicitFileType = wrapper.application; includeInIndex = 0; path = ToDoList.app; sourceTree = BUILT_PRODUCTS_DIR; };
		BD1546C026B8327A006F6BE2 /* AppDelegate.swift */ = {isa = PBXFileReference; lastKnownFileType = sourcecode.swift; path = AppDelegate.swift; sourceTree = "<group>"; };
		BD1546C226B8327A006F6BE2 /* SceneDelegate.swift */ = {isa = PBXFileReference; lastKnownFileType = sourcecode.swift; path = SceneDelegate.swift; sourceTree = "<group>"; };
		BD1546C726B8327A006F6BE2 /* Base */ = {isa = PBXFileReference; lastKnownFileType = file.storyboard; name = Base; path = Base.lproj/Main.storyboard; sourceTree = "<group>"; };
		BD1546CA26B8327A006F6BE2 /* ToDoList.xcdatamodel */ = {isa = PBXFileReference; lastKnownFileType = wrapper.xcdatamodel; path = ToDoList.xcdatamodel; sourceTree = "<group>"; };
		BD1546CC26B8327B006F6BE2 /* Assets.xcassets */ = {isa = PBXFileReference; lastKnownFileType = folder.assetcatalog; path = Assets.xcassets; sourceTree = "<group>"; };
		BD1546CF26B8327B006F6BE2 /* Base */ = {isa = PBXFileReference; lastKnownFileType = file.storyboard; name = Base; path = Base.lproj/LaunchScreen.storyboard; sourceTree = "<group>"; };
		BD1546D126B8327B006F6BE2 /* Info.plist */ = {isa = PBXFileReference; lastKnownFileType = text.plist.xml; path = Info.plist; sourceTree = "<group>"; };
		BD1546D626B8327B006F6BE2 /* ToDoListTests.xctest */ = {isa = PBXFileReference; explicitFileType = wrapper.cfbundle; includeInIndex = 0; path = ToDoListTests.xctest; sourceTree = BUILT_PRODUCTS_DIR; };
		BD1546DA26B8327B006F6BE2 /* ToDoListTests.swift */ = {isa = PBXFileReference; lastKnownFileType = sourcecode.swift; path = ToDoListTests.swift; sourceTree = "<group>"; };
		BD1546DC26B8327B006F6BE2 /* Info.plist */ = {isa = PBXFileReference; lastKnownFileType = text.plist.xml; path = Info.plist; sourceTree = "<group>"; };
		BD1546E126B8327B006F6BE2 /* ToDoListUITests.xctest */ = {isa = PBXFileReference; explicitFileType = wrapper.cfbundle; includeInIndex = 0; path = ToDoListUITests.xctest; sourceTree = BUILT_PRODUCTS_DIR; };
		BD1546E526B8327B006F6BE2 /* ToDoListUITests.swift */ = {isa = PBXFileReference; lastKnownFileType = sourcecode.swift; path = ToDoListUITests.swift; sourceTree = "<group>"; };
		BD1546E726B8327B006F6BE2 /* Info.plist */ = {isa = PBXFileReference; lastKnownFileType = text.plist.xml; path = Info.plist; sourceTree = "<group>"; };
		BD1546F326B835EC006F6BE2 /* ToDoTableViewController.swift */ = {isa = PBXFileReference; lastKnownFileType = sourcecode.swift; path = ToDoTableViewController.swift; sourceTree = "<group>"; };
		BD1546F526B836FF006F6BE2 /* ToDo.swift */ = {isa = PBXFileReference; lastKnownFileType = sourcecode.swift; path = ToDo.swift; sourceTree = "<group>"; };
		BD1546F726B84C67006F6BE2 /* AddToDoViewController.swift */ = {isa = PBXFileReference; lastKnownFileType = sourcecode.swift; path = AddToDoViewController.swift; sourceTree = "<group>"; };
/* End PBXFileReference section */

/* Begin PBXFrameworksBuildPhase section */
		BD1546BA26B8327A006F6BE2 /* Frameworks */ = {
			isa = PBXFrameworksBuildPhase;
			buildActionMask = 2147483647;
			files = (
			);
			runOnlyForDeploymentPostprocessing = 0;
		};
		BD1546D326B8327B006F6BE2 /* Frameworks */ = {
			isa = PBXFrameworksBuildPhase;
			buildActionMask = 2147483647;
			files = (
			);
			runOnlyForDeploymentPostprocessing = 0;
		};
		BD1546DE26B8327B006F6BE2 /* Frameworks */ = {
			isa = PBXFrameworksBuildPhase;
			buildActionMask = 2147483647;
			files = (
			);
			runOnlyForDeploymentPostprocessing = 0;
		};
/* End PBXFrameworksBuildPhase section */

/* Begin PBXGroup section */
		BD1546B426B8327A006F6BE2 = {
			isa = PBXGroup;
			children = (
				BD1546BF26B8327A006F6BE2 /* ToDoList */,
				BD1546D926B8327B006F6BE2 /* ToDoListTests */,
				BD1546E426B8327B006F6BE2 /* ToDoListUITests */,
				BD1546BE26B8327A006F6BE2 /* Products */,
			);
			sourceTree = "<group>";
		};
		BD1546BE26B8327A006F6BE2 /* Products */ = {
			isa = PBXGroup;
			children = (
				BD1546BD26B8327A006F6BE2 /* ToDoList.app */,
				BD1546D626B8327B006F6BE2 /* ToDoListTests.xctest */,
				BD1546E126B8327B006F6BE2 /* ToDoListUITests.xctest */,
			);
			name = Products;
			sourceTree = "<group>";
		};
		BD1546BF26B8327A006F6BE2 /* ToDoList */ = {
			isa = PBXGroup;
			children = (
				BD1546C026B8327A006F6BE2 /* AppDelegate.swift */,
				BD1546C226B8327A006F6BE2 /* SceneDelegate.swift */,
				BD1546C626B8327A006F6BE2 /* Main.storyboard */,
				BD1546CC26B8327B006F6BE2 /* Assets.xcassets */,
				BD1546CE26B8327B006F6BE2 /* LaunchScreen.storyboard */,
				BD1546D126B8327B006F6BE2 /* Info.plist */,
				BD1546C926B8327A006F6BE2 /* ToDoList.xcdatamodeld */,
				BD1546F326B835EC006F6BE2 /* ToDoTableViewController.swift */,
				BD1546F526B836FF006F6BE2 /* ToDo.swift */,
				BD1546F726B84C67006F6BE2 /* AddToDoViewController.swift */,
			);
			path = ToDoList;
			sourceTree = "<group>";
		};
		BD1546D926B8327B006F6BE2 /* ToDoListTests */ = {
			isa = PBXGroup;
			children = (
				BD1546DA26B8327B006F6BE2 /* ToDoListTests.swift */,
				BD1546DC26B8327B006F6BE2 /* Info.plist */,
			);
			path = ToDoListTests;
			sourceTree = "<group>";
		};
		BD1546E426B8327B006F6BE2 /* ToDoListUITests */ = {
			isa = PBXGroup;
			children = (
				BD1546E526B8327B006F6BE2 /* ToDoListUITests.swift */,
				BD1546E726B8327B006F6BE2 /* Info.plist */,
			);
			path = ToDoListUITests;
			sourceTree = "<group>";
		};
/* End PBXGroup section */

/* Begin PBXNativeTarget section */
		BD1546BC26B8327A006F6BE2 /* ToDoList */ = {
			isa = PBXNativeTarget;
			buildConfigurationList = BD1546EA26B8327B006F6BE2 /* Build configuration list for PBXNativeTarget "ToDoList" */;
			buildPhases = (
				BD1546B926B8327A006F6BE2 /* Sources */,
				BD1546BA26B8327A006F6BE2 /* Frameworks */,
				BD1546BB26B8327A006F6BE2 /* Resources */,
			);
			buildRules = (
			);
			dependencies = (
			);
			name = ToDoList;
			productName = ToDoList;
			productReference = BD1546BD26B8327A006F6BE2 /* ToDoList.app */;
			productType = "com.apple.product-type.application";
		};
		BD1546D526B8327B006F6BE2 /* ToDoListTests */ = {
			isa = PBXNativeTarget;
			buildConfigurationList = BD1546ED26B8327B006F6BE2 /* Build configuration list for PBXNativeTarget "ToDoListTests" */;
			buildPhases = (
				BD1546D226B8327B006F6BE2 /* Sources */,
				BD1546D326B8327B006F6BE2 /* Frameworks */,
				BD1546D426B8327B006F6BE2 /* Resources */,
			);
			buildRules = (
			);
			dependencies = (
				BD1546D826B8327B006F6BE2 /* PBXTargetDependency */,
			);
			name = ToDoListTests;
			productName = ToDoListTests;
			productReference = BD1546D626B8327B006F6BE2 /* ToDoListTests.xctest */;
			productType = "com.apple.product-type.bundle.unit-test";
		};
		BD1546E026B8327B006F6BE2 /* ToDoListUITests */ = {
			isa = PBXNativeTarget;
			buildConfigurationList = BD1546F026B8327B006F6BE2 /* Build configuration list for PBXNativeTarget "ToDoListUITests" */;
			buildPhases = (
				BD1546DD26B8327B006F6BE2 /* Sources */,
				BD1546DE26B8327B006F6BE2 /* Frameworks */,
				BD1546DF26B8327B006F6BE2 /* Resources */,
			);
			buildRules = (
			);
			dependencies = (
				BD1546E326B8327B006F6BE2 /* PBXTargetDependency */,
			);
			name = ToDoListUITests;
			productName = ToDoListUITests;
			productReference = BD1546E126B8327B006F6BE2 /* ToDoListUITests.xctest */;
			productType = "com.apple.product-type.bundle.ui-testing";
		};
/* End PBXNativeTarget section */

/* Begin PBXProject section */
		BD1546B526B8327A006F6BE2 /* Project object */ = {
			isa = PBXProject;
			attributes = {
				LastSwiftUpdateCheck = 1250;
				LastUpgradeCheck = 1250;
				TargetAttributes = {
					BD1546BC26B8327A006F6BE2 = {
						CreatedOnToolsVersion = 12.5.1;
					};
					BD1546D526B8327B006F6BE2 = {
						CreatedOnToolsVersion = 12.5.1;
						TestTargetID = BD1546BC26B8327A006F6BE2;
					};
					BD1546E026B8327B006F6BE2 = {
						CreatedOnToolsVersion = 12.5.1;
						TestTargetID = BD1546BC26B8327A006F6BE2;
					};
				};
			};
			buildConfigurationList = BD1546B826B8327A006F6BE2 /* Build configuration list for PBXProject "ToDoList" */;
			compatibilityVersion = "Xcode 9.3";
			developmentRegion = en;
			hasScannedForEncodings = 0;
			knownRegions = (
				en,
				Base,
			);
			mainGroup = BD1546B426B8327A006F6BE2;
			productRefGroup = BD1546BE26B8327A006F6BE2 /* Products */;
			projectDirPath = "";
			projectRoot = "";
			targets = (
				BD1546BC26B8327A006F6BE2 /* ToDoList */,
				BD1546D526B8327B006F6BE2 /* ToDoListTests */,
				BD1546E026B8327B006F6BE2 /* ToDoListUITests */,
			);
		};
/* End PBXProject section */

/* Begin PBXResourcesBuildPhase section */
		BD1546BB26B8327A006F6BE2 /* Resources */ = {
			isa = PBXResourcesBuildPhase;
			buildActionMask = 2147483647;
			files = (
				BD1546D026B8327B006F6BE2 /* LaunchScreen.storyboard in Resources */,
				BD1546CD26B8327B006F6BE2 /* Assets.xcassets in Resources */,
				BD1546C826B8327A006F6BE2 /* Main.storyboard in Resources */,
			);
			runOnlyForDeploymentPostprocessing = 0;
		};
		BD1546D426B8327B006F6BE2 /* Resources */ = {
			isa = PBXResourcesBuildPhase;
			buildActionMask = 2147483647;
			files = (
			);
			runOnlyForDeploymentPostprocessing = 0;
		};
		BD1546DF26B8327B006F6BE2 /* Resources */ = {
			isa = PBXResourcesBuildPhase;
			buildActionMask = 2147483647;
			files = (
			);
			runOnlyForDeploymentPostprocessing = 0;
		};
/* End PBXResourcesBuildPhase section */

/* Begin PBXSourcesBuildPhase section */
		BD1546B926B8327A006F6BE2 /* Sources */ = {
			isa = PBXSourcesBuildPhase;
			buildActionMask = 2147483647;
			files = (
				BD1546C126B8327A006F6BE2 /* AppDelegate.swift in Sources */,
				BD1546F626B836FF006F6BE2 /* ToDo.swift in Sources */,
				BD1546F426B835EC006F6BE2 /* ToDoTableViewController.swift in Sources */,
				BD1546C326B8327A006F6BE2 /* SceneDelegate.swift in Sources */,
				BD1546F826B84C67006F6BE2 /* AddToDoViewController.swift in Sources */,
				BD1546CB26B8327A006F6BE2 /* ToDoList.xcdatamodeld in Sources */,
			);
			runOnlyForDeploymentPostprocessing = 0;
		};
		BD1546D226B8327B006F6BE2 /* Sources */ = {
			isa = PBXSourcesBuildPhase;
			buildActionMask = 2147483647;
			files = (
				BD1546DB26B8327B006F6BE2 /* ToDoListTests.swift in Sources */,
			);
			runOnlyForDeploymentPostprocessing = 0;
		};
		BD1546DD26B8327B006F6BE2 /* Sources */ = {
			isa = PBXSourcesBuildPhase;
			buildActionMask = 2147483647;
			files = (
				BD1546E626B8327B006F6BE2 /* ToDoListUITests.swift in Sources */,
			);
			runOnlyForDeploymentPostprocessing = 0;
		};
/* End PBXSourcesBuildPhase section */

/* Begin PBXTargetDependency section */
		BD1546D826B8327B006F6BE2 /* PBXTargetDependency */ = {
			isa = PBXTargetDependency;
			target = BD1546BC26B8327A006F6BE2 /* ToDoList */;
			targetProxy = BD1546D726B8327B006F6BE2 /* PBXContainerItemProxy */;
		};
		BD1546E326B8327B006F6BE2 /* PBXTargetDependency */ = {
			isa = PBXTargetDependency;
			target = BD1546BC26B8327A006F6BE2 /* ToDoList */;
			targetProxy = BD1546E226B8327B006F6BE2 /* PBXContainerItemProxy */;
		};
/* End PBXTargetDependency section */

/* Begin PBXVariantGroup section */
		BD1546C626B8327A006F6BE2 /* Main.storyboard */ = {
			isa = PBXVariantGroup;
			children = (
				BD1546C726B8327A006F6BE2 /* Base */,
			);
			name = Main.storyboard;
			sourceTree = "<group>";
		};
		BD1546CE26B8327B006F6BE2 /* LaunchScreen.storyboard */ = {
			isa = PBXVariantGroup;
			children = (
				BD1546CF26B8327B006F6BE2 /* Base */,
			);
			name = LaunchScreen.storyboard;
			sourceTree = "<group>";
		};
/* End PBXVariantGroup section */

/* Begin XCBuildConfiguration section */
		BD1546E826B8327B006F6BE2 /* Debug */ = {
			isa = XCBuildConfiguration;
			buildSettings = {
				ALWAYS_SEARCH_USER_PATHS = NO;
				CLANG_ANALYZER_NONNULL = YES;
				CLANG_ANALYZER_NUMBER_OBJECT_CONVERSION = YES_AGGRESSIVE;
				CLANG_CXX_LANGUAGE_STANDARD = "gnu++14";
				CLANG_CXX_LIBRARY = "libc++";
				CLANG_ENABLE_MODULES = YES;
				CLANG_ENABLE_OBJC_ARC = YES;
				CLANG_ENABLE_OBJC_WEAK = YES;
				CLANG_WARN_BLOCK_CAPTURE_AUTORELEASING = YES;
				CLANG_WARN_BOOL_CONVERSION = YES;
				CLANG_WARN_COMMA = YES;
				CLANG_WARN_CONSTANT_CONVERSION = YES;
				CLANG_WARN_DEPRECATED_OBJC_IMPLEMENTATIONS = YES;
				CLANG_WARN_DIRECT_OBJC_ISA_USAGE = YES_ERROR;
				CLANG_WARN_DOCUMENTATION_COMMENTS = YES;
				CLANG_WARN_EMPTY_BODY = YES;
				CLANG_WARN_ENUM_CONVERSION = YES;
				CLANG_WARN_INFINITE_RECURSION = YES;
				CLANG_WARN_INT_CONVERSION = YES;
				CLANG_WARN_NON_LITERAL_NULL_CONVERSION = YES;
				CLANG_WARN_OBJC_IMPLICIT_RETAIN_SELF = YES;
				CLANG_WARN_OBJC_LITERAL_CONVERSION = YES;
				CLANG_WARN_OBJC_ROOT_CLASS = YES_ERROR;
				CLANG_WARN_QUOTED_INCLUDE_IN_FRAMEWORK_HEADER = YES;
				CLANG_WARN_RANGE_LOOP_ANALYSIS = YES;
				CLANG_WARN_STRICT_PROTOTYPES = YES;
				CLANG_WARN_SUSPICIOUS_MOVE = YES;
				CLANG_WARN_UNGUARDED_AVAILABILITY = YES_AGGRESSIVE;
				CLANG_WARN_UNREACHABLE_CODE = YES;
				CLANG_WARN__DUPLICATE_METHOD_MATCH = YES;
				COPY_PHASE_STRIP = NO;
				DEBUG_INFORMATION_FORMAT = dwarf;
				ENABLE_STRICT_OBJC_MSGSEND = YES;
				ENABLE_TESTABILITY = YES;
				GCC_C_LANGUAGE_STANDARD = gnu11;
				GCC_DYNAMIC_NO_PIC = NO;
				GCC_NO_COMMON_BLOCKS = YES;
				GCC_OPTIMIZATION_LEVEL = 0;
				GCC_PREPROCESSOR_DEFINITIONS = (
					"DEBUG=1",
					"$(inherited)",
				);
				GCC_WARN_64_TO_32_BIT_CONVERSION = YES;
				GCC_WARN_ABOUT_RETURN_TYPE = YES_ERROR;
				GCC_WARN_UNDECLARED_SELECTOR = YES;
				GCC_WARN_UNINITIALIZED_AUTOS = YES_AGGRESSIVE;
				GCC_WARN_UNUSED_FUNCTION = YES;
				GCC_WARN_UNUSED_VARIABLE = YES;
				IPHONEOS_DEPLOYMENT_TARGET = 14.5;
				MTL_ENABLE_DEBUG_INFO = INCLUDE_SOURCE;
				MTL_FAST_MATH = YES;
				ONLY_ACTIVE_ARCH = YES;
				SDKROOT = iphoneos;
				SWIFT_ACTIVE_COMPILATION_CONDITIONS = DEBUG;
				SWIFT_OPTIMIZATION_LEVEL = "-Onone";
			};
			name = Debug;
		};
		BD1546E926B8327B006F6BE2 /* Release */ = {
			isa = XCBuildConfiguration;
			buildSettings = {
				ALWAYS_SEARCH_USER_PATHS = NO;
				CLANG_ANALYZER_NONNULL = YES;
				CLANG_ANALYZER_NUMBER_OBJECT_CONVERSION = YES_AGGRESSIVE;
				CLANG_CXX_LANGUAGE_STANDARD = "gnu++14";
				CLANG_CXX_LIBRARY = "libc++";
				CLANG_ENABLE_MODULES = YES;
				CLANG_ENABLE_OBJC_ARC = YES;
				CLANG_ENABLE_OBJC_WEAK = YES;
				CLANG_WARN_BLOCK_CAPTURE_AUTORELEASING = YES;
				CLANG_WARN_BOOL_CONVERSION = YES;
				CLANG_WARN_COMMA = YES;
				CLANG_WARN_CONSTANT_CONVERSION = YES;
				CLANG_WARN_DEPRECATED_OBJC_IMPLEMENTATIONS = YES;
				CLANG_WARN_DIRECT_OBJC_ISA_USAGE = YES_ERROR;
				CLANG_WARN_DOCUMENTATION_COMMENTS = YES;
				CLANG_WARN_EMPTY_BODY = YES;
				CLANG_WARN_ENUM_CONVERSION = YES;
				CLANG_WARN_INFINITE_RECURSION = YES;
				CLANG_WARN_INT_CONVERSION = YES;
				CLANG_WARN_NON_LITERAL_NULL_CONVERSION = YES;
				CLANG_WARN_OBJC_IMPLICIT_RETAIN_SELF = YES;
				CLANG_WARN_OBJC_LITERAL_CONVERSION = YES;
				CLANG_WARN_OBJC_ROOT_CLASS = YES_ERROR;
				CLANG_WARN_QUOTED_INCLUDE_IN_FRAMEWORK_HEADER = YES;
				CLANG_WARN_RANGE_LOOP_ANALYSIS = YES;
				CLANG_WARN_STRICT_PROTOTYPES = YES;
				CLANG_WARN_SUSPICIOUS_MOVE = YES;
				CLANG_WARN_UNGUARDED_AVAILABILITY = YES_AGGRESSIVE;
				CLANG_WARN_UNREACHABLE_CODE = YES;
				CLANG_WARN__DUPLICATE_METHOD_MATCH = YES;
				COPY_PHASE_STRIP = NO;
				DEBUG_INFORMATION_FORMAT = "dwarf-with-dsym";
				ENABLE_NS_ASSERTIONS = NO;
				ENABLE_STRICT_OBJC_MSGSEND = YES;
				GCC_C_LANGUAGE_STANDARD = gnu11;
				GCC_NO_COMMON_BLOCKS = YES;
				GCC_WARN_64_TO_32_BIT_CONVERSION = YES;
				GCC_WARN_ABOUT_RETURN_TYPE = YES_ERROR;
				GCC_WARN_UNDECLARED_SELECTOR = YES;
				GCC_WARN_UNINITIALIZED_AUTOS = YES_AGGRESSIVE;
				GCC_WARN_UNUSED_FUNCTION = YES;
				GCC_WARN_UNUSED_VARIABLE = YES;
				IPHONEOS_DEPLOYMENT_TARGET = 14.5;
				MTL_ENABLE_DEBUG_INFO = NO;
				MTL_FAST_MATH = YES;
				SDKROOT = iphoneos;
				SWIFT_COMPILATION_MODE = wholemodule;
				SWIFT_OPTIMIZATION_LEVEL = "-O";
				VALIDATE_PRODUCT = YES;
			};
			name = Release;
		};
		BD1546EB26B8327B006F6BE2 /* Debug */ = {
			isa = XCBuildConfiguration;
			buildSettings = {
				ASSETCATALOG_COMPILER_APPICON_NAME = AppIcon;
				ASSETCATALOG_COMPILER_GLOBAL_ACCENT_COLOR_NAME = AccentColor;
				CODE_SIGN_STYLE = Automatic;
				INFOPLIST_FILE = ToDoList/Info.plist;
				LD_RUNPATH_SEARCH_PATHS = (
					"$(inherited)",
					"@executable_path/Frameworks",
				);
				PRODUCT_BUNDLE_IDENTIFIER = leen.ToDoList;
				PRODUCT_NAME = "$(TARGET_NAME)";
				SWIFT_VERSION = 5.0;
				TARGETED_DEVICE_FAMILY = "1,2";
			};
			name = Debug;
		};
		BD1546EC26B8327B006F6BE2 /* Release */ = {
			isa = XCBuildConfiguration;
			buildSettings = {
				ASSETCATALOG_COMPILER_APPICON_NAME = AppIcon;
				ASSETCATALOG_COMPILER_GLOBAL_ACCENT_COLOR_NAME = AccentColor;
				CODE_SIGN_STYLE = Automatic;
				INFOPLIST_FILE = ToDoList/Info.plist;
				LD_RUNPATH_SEARCH_PATHS = (
					"$(inherited)",
					"@executable_path/Frameworks",
				);
				PRODUCT_BUNDLE_IDENTIFIER = leen.ToDoList;
				PRODUCT_NAME = "$(TARGET_NAME)";
				SWIFT_VERSION = 5.0;
				TARGETED_DEVICE_FAMILY = "1,2";
			};
			name = Release;
		};
		BD1546EE26B8327B006F6BE2 /* Debug */ = {
			isa = XCBuildConfiguration;
			buildSettings = {
				ALWAYS_EMBED_SWIFT_STANDARD_LIBRARIES = YES;
				BUNDLE_LOADER = "$(TEST_HOST)";
				CODE_SIGN_STYLE = Automatic;
				INFOPLIST_FILE = ToDoListTests/Info.plist;
				IPHONEOS_DEPLOYMENT_TARGET = 14.5;
				LD_RUNPATH_SEARCH_PATHS = (
					"$(inherited)",
					"@executable_path/Frameworks",
					"@loader_path/Frameworks",
				);
				PRODUCT_BUNDLE_IDENTIFIER = leen.ToDoListTests;
				PRODUCT_NAME = "$(TARGET_NAME)";
				SWIFT_VERSION = 5.0;
				TARGETED_DEVICE_FAMILY = "1,2";
				TEST_HOST = "$(BUILT_PRODUCTS_DIR)/ToDoList.app/ToDoList";
			};
			name = Debug;
		};
		BD1546EF26B8327B006F6BE2 /* Release */ = {
			isa = XCBuildConfiguration;
			buildSettings = {
				ALWAYS_EMBED_SWIFT_STANDARD_LIBRARIES = YES;
				BUNDLE_LOADER = "$(TEST_HOST)";
				CODE_SIGN_STYLE = Automatic;
				INFOPLIST_FILE = ToDoListTests/Info.plist;
				IPHONEOS_DEPLOYMENT_TARGET = 14.5;
				LD_RUNPATH_SEARCH_PATHS = (
					"$(inherited)",
					"@executable_path/Frameworks",
					"@loader_path/Frameworks",
				);
				PRODUCT_BUNDLE_IDENTIFIER = leen.ToDoListTests;
				PRODUCT_NAME = "$(TARGET_NAME)";
				SWIFT_VERSION = 5.0;
				TARGETED_DEVICE_FAMILY = "1,2";
				TEST_HOST = "$(BUILT_PRODUCTS_DIR)/ToDoList.app/ToDoList";
			};
			name = Release;
		};
		BD1546F126B8327B006F6BE2 /* Debug */ = {
			isa = XCBuildConfiguration;
			buildSettings = {
				ALWAYS_EMBED_SWIFT_STANDARD_LIBRARIES = YES;
				CODE_SIGN_STYLE = Automatic;
				INFOPLIST_FILE = ToDoListUITests/Info.plist;
				LD_RUNPATH_SEARCH_PATHS = (
					"$(inherited)",
					"@executable_path/Frameworks",
					"@loader_path/Frameworks",
				);
				PRODUCT_BUNDLE_IDENTIFIER = leen.ToDoListUITests;
				PRODUCT_NAME = "$(TARGET_NAME)";
				SWIFT_VERSION = 5.0;
				TARGETED_DEVICE_FAMILY = "1,2";
				TEST_TARGET_NAME = ToDoList;
			};
			name = Debug;
		};
		BD1546F226B8327B006F6BE2 /* Release */ = {
			isa = XCBuildConfiguration;
			buildSettings = {
				ALWAYS_EMBED_SWIFT_STANDARD_LIBRARIES = YES;
				CODE_SIGN_STYLE = Automatic;
				INFOPLIST_FILE = ToDoListUITests/Info.plist;
				LD_RUNPATH_SEARCH_PATHS = (
					"$(inherited)",
					"@executable_path/Frameworks",
					"@loader_path/Frameworks",
				);
				PRODUCT_BUNDLE_IDENTIFIER = leen.ToDoListUITests;
				PRODUCT_NAME = "$(TARGET_NAME)";
				SWIFT_VERSION = 5.0;
				TARGETED_DEVICE_FAMILY = "1,2";
				TEST_TARGET_NAME = ToDoList;
			};
			name = Release;
		};
/* End XCBuildConfiguration section */

/* Begin XCConfigurationList section */
		BD1546B826B8327A006F6BE2 /* Build configuration list for PBXProject "ToDoList" */ = {
			isa = XCConfigurationList;
			buildConfigurations = (
				BD1546E826B8327B006F6BE2 /* Debug */,
				BD1546E926B8327B006F6BE2 /* Release */,
			);
			defaultConfigurationIsVisible = 0;
			defaultConfigurationName = Release;
		};
		BD1546EA26B8327B006F6BE2 /* Build configuration list for PBXNativeTarget "ToDoList" */ = {
			isa = XCConfigurationList;
			buildConfigurations = (
				BD1546EB26B8327B006F6BE2 /* Debug */,
				BD1546EC26B8327B006F6BE2 /* Release */,
			);
			defaultConfigurationIsVisible = 0;
			defaultConfigurationName = Release;
		};
		BD1546ED26B8327B006F6BE2 /* Build configuration list for PBXNativeTarget "ToDoListTests" */ = {
			isa = XCConfigurationList;
			buildConfigurations = (
				BD1546EE26B8327B006F6BE2 /* Debug */,
				BD1546EF26B8327B006F6BE2 /* Release */,
			);
			defaultConfigurationIsVisible = 0;
			defaultConfigurationName = Release;
		};
		BD1546F026B8327B006F6BE2 /* Build configuration list for PBXNativeTarget "ToDoListUITests" */ = {
			isa = XCConfigurationList;
			buildConfigurations = (
				BD1546F126B8327B006F6BE2 /* Debug */,
				BD1546F226B8327B006F6BE2 /* Release */,
			);
			defaultConfigurationIsVisible = 0;
			defaultConfigurationName = Release;
		};
/* End XCConfigurationList section */

/* Begin XCVersionGroup section */
		BD1546C926B8327A006F6BE2 /* ToDoList.xcdatamodeld */ = {
			isa = XCVersionGroup;
			children = (
				BD1546CA26B8327A006F6BE2 /* ToDoList.xcdatamodel */,
			);
			currentVersion = BD1546CA26B8327A006F6BE2 /* ToDoList.xcdatamodel */;
			path = ToDoList.xcdatamodeld;
			sourceTree = "<group>";
			versionGroupType = wrapper.xcdatamodel;
		};
/* End XCVersionGroup section */
	};
	rootObject = BD1546B526B8327A006F6BE2 /* Project object */;
}
