// !$*UTF8*$!
{
	archiveVersion = 1;
	classes = {
	};
	objectVersion = 50;
	objects = {

/* Begin PBXBuildFile section */
		BDFA724D26B19D7A00852B52 /* AppDelegate.swift in Sources */ = {isa = PBXBuildFile; fileRef = BDFA724C26B19D7A00852B52 /* AppDelegate.swift */; };
		BDFA724F26B19D7A00852B52 /* SceneDelegate.swift in Sources */ = {isa = PBXBuildFile; fileRef = BDFA724E26B19D7A00852B52 /* SceneDelegate.swift */; };
		BDFA725126B19D7A00852B52 /* ViewController.swift in Sources */ = {isa = PBXBuildFile; fileRef = BDFA725026B19D7A00852B52 /* ViewController.swift */; };
		BDFA725426B19D7A00852B52 /* Main.storyboard in Resources */ = {isa = PBXBuildFile; fileRef = BDFA725226B19D7A00852B52 /* Main.storyboard */; };
		BDFA725726B19D7A00852B52 /* storyBoardIntro.xcdatamodeld in Sources */ = {isa = PBXBuildFile; fileRef = BDFA725526B19D7A00852B52 /* storyBoardIntro.xcdatamodeld */; };
		BDFA725926B19D7C00852B52 /* Assets.xcassets in Resources */ = {isa = PBXBuildFile; fileRef = BDFA725826B19D7C00852B52 /* Assets.xcassets */; };
		BDFA725C26B19D7C00852B52 /* LaunchScreen.storyboard in Resources */ = {isa = PBXBuildFile; fileRef = BDFA725A26B19D7C00852B52 /* LaunchScreen.storyboard */; };
		BDFA726726B19D7C00852B52 /* storyBoardIntroTests.swift in Sources */ = {isa = PBXBuildFile; fileRef = BDFA726626B19D7C00852B52 /* storyBoardIntroTests.swift */; };
		BDFA727226B19D7C00852B52 /* storyBoardIntroUITests.swift in Sources */ = {isa = PBXBuildFile; fileRef = BDFA727126B19D7C00852B52 /* storyBoardIntroUITests.swift */; };
/* End PBXBuildFile section */

/* Begin PBXContainerItemProxy section */
		BDFA726326B19D7C00852B52 /* PBXContainerItemProxy */ = {
			isa = PBXContainerItemProxy;
			containerPortal = BDFA724126B19D7A00852B52 /* Project object */;
			proxyType = 1;
			remoteGlobalIDString = BDFA724826B19D7A00852B52;
			remoteInfo = storyBoardIntro;
		};
		BDFA726E26B19D7C00852B52 /* PBXContainerItemProxy */ = {
			isa = PBXContainerItemProxy;
			containerPortal = BDFA724126B19D7A00852B52 /* Project object */;
			proxyType = 1;
			remoteGlobalIDString = BDFA724826B19D7A00852B52;
			remoteInfo = storyBoardIntro;
		};
/* End PBXContainerItemProxy section */

/* Begin PBXFileReference section */
		BDFA724926B19D7A00852B52 /* storyBoardIntro.app */ = {isa = PBXFileReference; explicitFileType = wrapper.application; includeInIndex = 0; path = storyBoardIntro.app; sourceTree = BUILT_PRODUCTS_DIR; };
		BDFA724C26B19D7A00852B52 /* AppDelegate.swift */ = {isa = PBXFileReference; lastKnownFileType = sourcecode.swift; path = AppDelegate.swift; sourceTree = "<group>"; };
		BDFA724E26B19D7A00852B52 /* SceneDelegate.swift */ = {isa = PBXFileReference; lastKnownFileType = sourcecode.swift; path = SceneDelegate.swift; sourceTree = "<group>"; };
		BDFA725026B19D7A00852B52 /* ViewController.swift */ = {isa = PBXFileReference; lastKnownFileType = sourcecode.swift; path = ViewController.swift; sourceTree = "<group>"; };
		BDFA725326B19D7A00852B52 /* Base */ = {isa = PBXFileReference; lastKnownFileType = file.storyboard; name = Base; path = Base.lproj/Main.storyboard; sourceTree = "<group>"; };
		BDFA725626B19D7A00852B52 /* storyBoardIntro.xcdatamodel */ = {isa = PBXFileReference; lastKnownFileType = wrapper.xcdatamodel; path = storyBoardIntro.xcdatamodel; sourceTree = "<group>"; };
		BDFA725826B19D7C00852B52 /* Assets.xcassets */ = {isa = PBXFileReference; lastKnownFileType = folder.assetcatalog; path = Assets.xcassets; sourceTree = "<group>"; };
		BDFA725B26B19D7C00852B52 /* Base */ = {isa = PBXFileReference; lastKnownFileType = file.storyboard; name = Base; path = Base.lproj/LaunchScreen.storyboard; sourceTree = "<group>"; };
		BDFA725D26B19D7C00852B52 /* Info.plist */ = {isa = PBXFileReference; lastKnownFileType = text.plist.xml; path = Info.plist; sourceTree = "<group>"; };
		BDFA726226B19D7C00852B52 /* storyBoardIntroTests.xctest */ = {isa = PBXFileReference; explicitFileType = wrapper.cfbundle; includeInIndex = 0; path = storyBoardIntroTests.xctest; sourceTree = BUILT_PRODUCTS_DIR; };
		BDFA726626B19D7C00852B52 /* storyBoardIntroTests.swift */ = {isa = PBXFileReference; lastKnownFileType = sourcecode.swift; path = storyBoardIntroTests.swift; sourceTree = "<group>"; };
		BDFA726826B19D7C00852B52 /* Info.plist */ = {isa = PBXFileReference; lastKnownFileType = text.plist.xml; path = Info.plist; sourceTree = "<group>"; };
		BDFA726D26B19D7C00852B52 /* storyBoardIntroUITests.xctest */ = {isa = PBXFileReference; explicitFileType = wrapper.cfbundle; includeInIndex = 0; path = storyBoardIntroUITests.xctest; sourceTree = BUILT_PRODUCTS_DIR; };
		BDFA727126B19D7C00852B52 /* storyBoardIntroUITests.swift */ = {isa = PBXFileReference; lastKnownFileType = sourcecode.swift; path = storyBoardIntroUITests.swift; sourceTree = "<group>"; };
		BDFA727326B19D7C00852B52 /* Info.plist */ = {isa = PBXFileReference; lastKnownFileType = text.plist.xml; path = Info.plist; sourceTree = "<group>"; };
/* End PBXFileReference section */

/* Begin PBXFrameworksBuildPhase section */
		BDFA724626B19D7A00852B52 /* Frameworks */ = {
			isa = PBXFrameworksBuildPhase;
			buildActionMask = 2147483647;
			files = (
			);
			runOnlyForDeploymentPostprocessing = 0;
		};
		BDFA725F26B19D7C00852B52 /* Frameworks */ = {
			isa = PBXFrameworksBuildPhase;
			buildActionMask = 2147483647;
			files = (
			);
			runOnlyForDeploymentPostprocessing = 0;
		};
		BDFA726A26B19D7C00852B52 /* Frameworks */ = {
			isa = PBXFrameworksBuildPhase;
			buildActionMask = 2147483647;
			files = (
			);
			runOnlyForDeploymentPostprocessing = 0;
		};
/* End PBXFrameworksBuildPhase section */

/* Begin PBXGroup section */
		BDFA724026B19D7A00852B52 = {
			isa = PBXGroup;
			children = (
				BDFA724B26B19D7A00852B52 /* storyBoardIntro */,
				BDFA726526B19D7C00852B52 /* storyBoardIntroTests */,
				BDFA727026B19D7C00852B52 /* storyBoardIntroUITests */,
				BDFA724A26B19D7A00852B52 /* Products */,
			);
			sourceTree = "<group>";
		};
		BDFA724A26B19D7A00852B52 /* Products */ = {
			isa = PBXGroup;
			children = (
				BDFA724926B19D7A00852B52 /* storyBoardIntro.app */,
				BDFA726226B19D7C00852B52 /* storyBoardIntroTests.xctest */,
				BDFA726D26B19D7C00852B52 /* storyBoardIntroUITests.xctest */,
			);
			name = Products;
			sourceTree = "<group>";
		};
		BDFA724B26B19D7A00852B52 /* storyBoardIntro */ = {
			isa = PBXGroup;
			children = (
				BDFA724C26B19D7A00852B52 /* AppDelegate.swift */,
				BDFA724E26B19D7A00852B52 /* SceneDelegate.swift */,
				BDFA725026B19D7A00852B52 /* ViewController.swift */,
				BDFA725226B19D7A00852B52 /* Main.storyboard */,
				BDFA725826B19D7C00852B52 /* Assets.xcassets */,
				BDFA725A26B19D7C00852B52 /* LaunchScreen.storyboard */,
				BDFA725D26B19D7C00852B52 /* Info.plist */,
				BDFA725526B19D7A00852B52 /* storyBoardIntro.xcdatamodeld */,
			);
			path = storyBoardIntro;
			sourceTree = "<group>";
		};
		BDFA726526B19D7C00852B52 /* storyBoardIntroTests */ = {
			isa = PBXGroup;
			children = (
				BDFA726626B19D7C00852B52 /* storyBoardIntroTests.swift */,
				BDFA726826B19D7C00852B52 /* Info.plist */,
			);
			path = storyBoardIntroTests;
			sourceTree = "<group>";
		};
		BDFA727026B19D7C00852B52 /* storyBoardIntroUITests */ = {
			isa = PBXGroup;
			children = (
				BDFA727126B19D7C00852B52 /* storyBoardIntroUITests.swift */,
				BDFA727326B19D7C00852B52 /* Info.plist */,
			);
			path = storyBoardIntroUITests;
			sourceTree = "<group>";
		};
/* End PBXGroup section */

/* Begin PBXNativeTarget section */
		BDFA724826B19D7A00852B52 /* storyBoardIntro */ = {
			isa = PBXNativeTarget;
			buildConfigurationList = BDFA727626B19D7C00852B52 /* Build configuration list for PBXNativeTarget "storyBoardIntro" */;
			buildPhases = (
				BDFA724526B19D7A00852B52 /* Sources */,
				BDFA724626B19D7A00852B52 /* Frameworks */,
				BDFA724726B19D7A00852B52 /* Resources */,
			);
			buildRules = (
			);
			dependencies = (
			);
			name = storyBoardIntro;
			productName = storyBoardIntro;
			productReference = BDFA724926B19D7A00852B52 /* storyBoardIntro.app */;
			productType = "com.apple.product-type.application";
		};
		BDFA726126B19D7C00852B52 /* storyBoardIntroTests */ = {
			isa = PBXNativeTarget;
			buildConfigurationList = BDFA727926B19D7C00852B52 /* Build configuration list for PBXNativeTarget "storyBoardIntroTests" */;
			buildPhases = (
				BDFA725E26B19D7C00852B52 /* Sources */,
				BDFA725F26B19D7C00852B52 /* Frameworks */,
				BDFA726026B19D7C00852B52 /* Resources */,
			);
			buildRules = (
			);
			dependencies = (
				BDFA726426B19D7C00852B52 /* PBXTargetDependency */,
			);
			name = storyBoardIntroTests;
			productName = storyBoardIntroTests;
			productReference = BDFA726226B19D7C00852B52 /* storyBoardIntroTests.xctest */;
			productType = "com.apple.product-type.bundle.unit-test";
		};
		BDFA726C26B19D7C00852B52 /* storyBoardIntroUITests */ = {
			isa = PBXNativeTarget;
			buildConfigurationList = BDFA727C26B19D7C00852B52 /* Build configuration list for PBXNativeTarget "storyBoardIntroUITests" */;
			buildPhases = (
				BDFA726926B19D7C00852B52 /* Sources */,
				BDFA726A26B19D7C00852B52 /* Frameworks */,
				BDFA726B26B19D7C00852B52 /* Resources */,
			);
			buildRules = (
			);
			dependencies = (
				BDFA726F26B19D7C00852B52 /* PBXTargetDependency */,
			);
			name = storyBoardIntroUITests;
			productName = storyBoardIntroUITests;
			productReference = BDFA726D26B19D7C00852B52 /* storyBoardIntroUITests.xctest */;
			productType = "com.apple.product-type.bundle.ui-testing";
		};
/* End PBXNativeTarget section */

/* Begin PBXProject section */
		BDFA724126B19D7A00852B52 /* Project object */ = {
			isa = PBXProject;
			attributes = {
				LastSwiftUpdateCheck = 1250;
				LastUpgradeCheck = 1250;
				TargetAttributes = {
					BDFA724826B19D7A00852B52 = {
						CreatedOnToolsVersion = 12.5.1;
					};
					BDFA726126B19D7C00852B52 = {
						CreatedOnToolsVersion = 12.5.1;
						TestTargetID = BDFA724826B19D7A00852B52;
					};
					BDFA726C26B19D7C00852B52 = {
						CreatedOnToolsVersion = 12.5.1;
						TestTargetID = BDFA724826B19D7A00852B52;
					};
				};
			};
			buildConfigurationList = BDFA724426B19D7A00852B52 /* Build configuration list for PBXProject "storyBoardIntro" */;
			compatibilityVersion = "Xcode 9.3";
			developmentRegion = en;
			hasScannedForEncodings = 0;
			knownRegions = (
				en,
				Base,
			);
			mainGroup = BDFA724026B19D7A00852B52;
			productRefGroup = BDFA724A26B19D7A00852B52 /* Products */;
			projectDirPath = "";
			projectRoot = "";
			targets = (
				BDFA724826B19D7A00852B52 /* storyBoardIntro */,
				BDFA726126B19D7C00852B52 /* storyBoardIntroTests */,
				BDFA726C26B19D7C00852B52 /* storyBoardIntroUITests */,
			);
		};
/* End PBXProject section */

/* Begin PBXResourcesBuildPhase section */
		BDFA724726B19D7A00852B52 /* Resources */ = {
			isa = PBXResourcesBuildPhase;
			buildActionMask = 2147483647;
			files = (
				BDFA725C26B19D7C00852B52 /* LaunchScreen.storyboard in Resources */,
				BDFA725926B19D7C00852B52 /* Assets.xcassets in Resources */,
				BDFA725426B19D7A00852B52 /* Main.storyboard in Resources */,
			);
			runOnlyForDeploymentPostprocessing = 0;
		};
		BDFA726026B19D7C00852B52 /* Resources */ = {
			isa = PBXResourcesBuildPhase;
			buildActionMask = 2147483647;
			files = (
			);
			runOnlyForDeploymentPostprocessing = 0;
		};
		BDFA726B26B19D7C00852B52 /* Resources */ = {
			isa = PBXResourcesBuildPhase;
			buildActionMask = 2147483647;
			files = (
			);
			runOnlyForDeploymentPostprocessing = 0;
		};
/* End PBXResourcesBuildPhase section */

/* Begin PBXSourcesBuildPhase section */
		BDFA724526B19D7A00852B52 /* Sources */ = {
			isa = PBXSourcesBuildPhase;
			buildActionMask = 2147483647;
			files = (
				BDFA725126B19D7A00852B52 /* ViewController.swift in Sources */,
				BDFA725726B19D7A00852B52 /* storyBoardIntro.xcdatamodeld in Sources */,
				BDFA724D26B19D7A00852B52 /* AppDelegate.swift in Sources */,
				BDFA724F26B19D7A00852B52 /* SceneDelegate.swift in Sources */,
			);
			runOnlyForDeploymentPostprocessing = 0;
		};
		BDFA725E26B19D7C00852B52 /* Sources */ = {
			isa = PBXSourcesBuildPhase;
			buildActionMask = 2147483647;
			files = (
				BDFA726726B19D7C00852B52 /* storyBoardIntroTests.swift in Sources */,
			);
			runOnlyForDeploymentPostprocessing = 0;
		};
		BDFA726926B19D7C00852B52 /* Sources */ = {
			isa = PBXSourcesBuildPhase;
			buildActionMask = 2147483647;
			files = (
				BDFA727226B19D7C00852B52 /* storyBoardIntroUITests.swift in Sources */,
			);
			runOnlyForDeploymentPostprocessing = 0;
		};
/* End PBXSourcesBuildPhase section */

/* Begin PBXTargetDependency section */
		BDFA726426B19D7C00852B52 /* PBXTargetDependency */ = {
			isa = PBXTargetDependency;
			target = BDFA724826B19D7A00852B52 /* storyBoardIntro */;
			targetProxy = BDFA726326B19D7C00852B52 /* PBXContainerItemProxy */;
		};
		BDFA726F26B19D7C00852B52 /* PBXTargetDependency */ = {
			isa = PBXTargetDependency;
			target = BDFA724826B19D7A00852B52 /* storyBoardIntro */;
			targetProxy = BDFA726E26B19D7C00852B52 /* PBXContainerItemProxy */;
		};
/* End PBXTargetDependency section */

/* Begin PBXVariantGroup section */
		BDFA725226B19D7A00852B52 /* Main.storyboard */ = {
			isa = PBXVariantGroup;
			children = (
				BDFA725326B19D7A00852B52 /* Base */,
			);
			name = Main.storyboard;
			sourceTree = "<group>";
		};
		BDFA725A26B19D7C00852B52 /* LaunchScreen.storyboard */ = {
			isa = PBXVariantGroup;
			children = (
				BDFA725B26B19D7C00852B52 /* Base */,
			);
			name = LaunchScreen.storyboard;
			sourceTree = "<group>";
		};
/* End PBXVariantGroup section */

/* Begin XCBuildConfiguration section */
		BDFA727426B19D7C00852B52 /* Debug */ = {
			isa = XCBuildConfiguration;
			buildSettings = {
				ALWAYS_SEARCH_USER_PATHS = NO;
				CLANG_ANALYZER_NONNULL = YES;
				CLANG_ANALYZER_NUMBER_OBJECT_CONVERSION = YES_AGGRESSIVE;
				CLANG_CXX_LANGUAGE_STANDARD = "gnu++14";
				CLANG_CXX_LIBRARY = "libc++";
				CLANG_ENABLE_MODULES = YES;
				CLANG_ENABLE_OBJC_ARC = YES;
				CLANG_ENABLE_OBJC_WEAK = YES;
				CLANG_WARN_BLOCK_CAPTURE_AUTORELEASING = YES;
				CLANG_WARN_BOOL_CONVERSION = YES;
				CLANG_WARN_COMMA = YES;
				CLANG_WARN_CONSTANT_CONVERSION = YES;
				CLANG_WARN_DEPRECATED_OBJC_IMPLEMENTATIONS = YES;
				CLANG_WARN_DIRECT_OBJC_ISA_USAGE = YES_ERROR;
				CLANG_WARN_DOCUMENTATION_COMMENTS = YES;
				CLANG_WARN_EMPTY_BODY = YES;
				CLANG_WARN_ENUM_CONVERSION = YES;
				CLANG_WARN_INFINITE_RECURSION = YES;
				CLANG_WARN_INT_CONVERSION = YES;
				CLANG_WARN_NON_LITERAL_NULL_CONVERSION = YES;
				CLANG_WARN_OBJC_IMPLICIT_RETAIN_SELF = YES;
				CLANG_WARN_OBJC_LITERAL_CONVERSION = YES;
				CLANG_WARN_OBJC_ROOT_CLASS = YES_ERROR;
				CLANG_WARN_QUOTED_INCLUDE_IN_FRAMEWORK_HEADER = YES;
				CLANG_WARN_RANGE_LOOP_ANALYSIS = YES;
				CLANG_WARN_STRICT_PROTOTYPES = YES;
				CLANG_WARN_SUSPICIOUS_MOVE = YES;
				CLANG_WARN_UNGUARDED_AVAILABILITY = YES_AGGRESSIVE;
				CLANG_WARN_UNREACHABLE_CODE = YES;
				CLANG_WARN__DUPLICATE_METHOD_MATCH = YES;
				COPY_PHASE_STRIP = NO;
				DEBUG_INFORMATION_FORMAT = dwarf;
				ENABLE_STRICT_OBJC_MSGSEND = YES;
				ENABLE_TESTABILITY = YES;
				GCC_C_LANGUAGE_STANDARD = gnu11;
				GCC_DYNAMIC_NO_PIC = NO;
				GCC_NO_COMMON_BLOCKS = YES;
				GCC_OPTIMIZATION_LEVEL = 0;
				GCC_PREPROCESSOR_DEFINITIONS = (
					"DEBUG=1",
					"$(inherited)",
				);
				GCC_WARN_64_TO_32_BIT_CONVERSION = YES;
				GCC_WARN_ABOUT_RETURN_TYPE = YES_ERROR;
				GCC_WARN_UNDECLARED_SELECTOR = YES;
				GCC_WARN_UNINITIALIZED_AUTOS = YES_AGGRESSIVE;
				GCC_WARN_UNUSED_FUNCTION = YES;
				GCC_WARN_UNUSED_VARIABLE = YES;
				IPHONEOS_DEPLOYMENT_TARGET = 14.5;
				MTL_ENABLE_DEBUG_INFO = INCLUDE_SOURCE;
				MTL_FAST_MATH = YES;
				ONLY_ACTIVE_ARCH = YES;
				SDKROOT = iphoneos;
				SWIFT_ACTIVE_COMPILATION_CONDITIONS = DEBUG;
				SWIFT_OPTIMIZATION_LEVEL = "-Onone";
			};
			name = Debug;
		};
		BDFA727526B19D7C00852B52 /* Release */ = {
			isa = XCBuildConfiguration;
			buildSettings = {
				ALWAYS_SEARCH_USER_PATHS = NO;
				CLANG_ANALYZER_NONNULL = YES;
				CLANG_ANALYZER_NUMBER_OBJECT_CONVERSION = YES_AGGRESSIVE;
				CLANG_CXX_LANGUAGE_STANDARD = "gnu++14";
				CLANG_CXX_LIBRARY = "libc++";
				CLANG_ENABLE_MODULES = YES;
				CLANG_ENABLE_OBJC_ARC = YES;
				CLANG_ENABLE_OBJC_WEAK = YES;
				CLANG_WARN_BLOCK_CAPTURE_AUTORELEASING = YES;
				CLANG_WARN_BOOL_CONVERSION = YES;
				CLANG_WARN_COMMA = YES;
				CLANG_WARN_CONSTANT_CONVERSION = YES;
				CLANG_WARN_DEPRECATED_OBJC_IMPLEMENTATIONS = YES;
				CLANG_WARN_DIRECT_OBJC_ISA_USAGE = YES_ERROR;
				CLANG_WARN_DOCUMENTATION_COMMENTS = YES;
				CLANG_WARN_EMPTY_BODY = YES;
				CLANG_WARN_ENUM_CONVERSION = YES;
				CLANG_WARN_INFINITE_RECURSION = YES;
				CLANG_WARN_INT_CONVERSION = YES;
				CLANG_WARN_NON_LITERAL_NULL_CONVERSION = YES;
				CLANG_WARN_OBJC_IMPLICIT_RETAIN_SELF = YES;
				CLANG_WARN_OBJC_LITERAL_CONVERSION = YES;
				CLANG_WARN_OBJC_ROOT_CLASS = YES_ERROR;
				CLANG_WARN_QUOTED_INCLUDE_IN_FRAMEWORK_HEADER = YES;
				CLANG_WARN_RANGE_LOOP_ANALYSIS = YES;
				CLANG_WARN_STRICT_PROTOTYPES = YES;
				CLANG_WARN_SUSPICIOUS_MOVE = YES;
				CLANG_WARN_UNGUARDED_AVAILABILITY = YES_AGGRESSIVE;
				CLANG_WARN_UNREACHABLE_CODE = YES;
				CLANG_WARN__DUPLICATE_METHOD_MATCH = YES;
				COPY_PHASE_STRIP = NO;
				DEBUG_INFORMATION_FORMAT = "dwarf-with-dsym";
				ENABLE_NS_ASSERTIONS = NO;
				ENABLE_STRICT_OBJC_MSGSEND = YES;
				GCC_C_LANGUAGE_STANDARD = gnu11;
				GCC_NO_COMMON_BLOCKS = YES;
				GCC_WARN_64_TO_32_BIT_CONVERSION = YES;
				GCC_WARN_ABOUT_RETURN_TYPE = YES_ERROR;
				GCC_WARN_UNDECLARED_SELECTOR = YES;
				GCC_WARN_UNINITIALIZED_AUTOS = YES_AGGRESSIVE;
				GCC_WARN_UNUSED_FUNCTION = YES;
				GCC_WARN_UNUSED_VARIABLE = YES;
				IPHONEOS_DEPLOYMENT_TARGET = 14.5;
				MTL_ENABLE_DEBUG_INFO = NO;
				MTL_FAST_MATH = YES;
				SDKROOT = iphoneos;
				SWIFT_COMPILATION_MODE = wholemodule;
				SWIFT_OPTIMIZATION_LEVEL = "-O";
				VALIDATE_PRODUCT = YES;
			};
			name = Release;
		};
		BDFA727726B19D7C00852B52 /* Debug */ = {
			isa = XCBuildConfiguration;
			buildSettings = {
				ASSETCATALOG_COMPILER_APPICON_NAME = AppIcon;
				ASSETCATALOG_COMPILER_GLOBAL_ACCENT_COLOR_NAME = AccentColor;
				CODE_SIGN_STYLE = Automatic;
				INFOPLIST_FILE = storyBoardIntro/Info.plist;
				LD_RUNPATH_SEARCH_PATHS = (
					"$(inherited)",
					"@executable_path/Frameworks",
				);
				PRODUCT_BUNDLE_IDENTIFIER = KWK.storyBoardIntro;
				PRODUCT_NAME = "$(TARGET_NAME)";
				SWIFT_VERSION = 5.0;
				TARGETED_DEVICE_FAMILY = "1,2";
			};
			name = Debug;
		};
		BDFA727826B19D7C00852B52 /* Release */ = {
			isa = XCBuildConfiguration;
			buildSettings = {
				ASSETCATALOG_COMPILER_APPICON_NAME = AppIcon;
				ASSETCATALOG_COMPILER_GLOBAL_ACCENT_COLOR_NAME = AccentColor;
				CODE_SIGN_STYLE = Automatic;
				INFOPLIST_FILE = storyBoardIntro/Info.plist;
				LD_RUNPATH_SEARCH_PATHS = (
					"$(inherited)",
					"@executable_path/Frameworks",
				);
				PRODUCT_BUNDLE_IDENTIFIER = KWK.storyBoardIntro;
				PRODUCT_NAME = "$(TARGET_NAME)";
				SWIFT_VERSION = 5.0;
				TARGETED_DEVICE_FAMILY = "1,2";
			};
			name = Release;
		};
		BDFA727A26B19D7C00852B52 /* Debug */ = {
			isa = XCBuildConfiguration;
			buildSettings = {
				ALWAYS_EMBED_SWIFT_STANDARD_LIBRARIES = YES;
				BUNDLE_LOADER = "$(TEST_HOST)";
				CODE_SIGN_STYLE = Automatic;
				INFOPLIST_FILE = storyBoardIntroTests/Info.plist;
				IPHONEOS_DEPLOYMENT_TARGET = 14.5;
				LD_RUNPATH_SEARCH_PATHS = (
					"$(inherited)",
					"@executable_path/Frameworks",
					"@loader_path/Frameworks",
				);
				PRODUCT_BUNDLE_IDENTIFIER = leen.storyBoardIntroTests;
				PRODUCT_NAME = "$(TARGET_NAME)";
				SWIFT_VERSION = 5.0;
				TARGETED_DEVICE_FAMILY = "1,2";
				TEST_HOST = "$(BUILT_PRODUCTS_DIR)/storyBoardIntro.app/storyBoardIntro";
			};
			name = Debug;
		};
		BDFA727B26B19D7C00852B52 /* Release */ = {
			isa = XCBuildConfiguration;
			buildSettings = {
				ALWAYS_EMBED_SWIFT_STANDARD_LIBRARIES = YES;
				BUNDLE_LOADER = "$(TEST_HOST)";
				CODE_SIGN_STYLE = Automatic;
				INFOPLIST_FILE = storyBoardIntroTests/Info.plist;
				IPHONEOS_DEPLOYMENT_TARGET = 14.5;
				LD_RUNPATH_SEARCH_PATHS = (
					"$(inherited)",
					"@executable_path/Frameworks",
					"@loader_path/Frameworks",
				);
				PRODUCT_BUNDLE_IDENTIFIER = leen.storyBoardIntroTests;
				PRODUCT_NAME = "$(TARGET_NAME)";
				SWIFT_VERSION = 5.0;
				TARGETED_DEVICE_FAMILY = "1,2";
				TEST_HOST = "$(BUILT_PRODUCTS_DIR)/storyBoardIntro.app/storyBoardIntro";
			};
			name = Release;
		};
		BDFA727D26B19D7C00852B52 /* Debug */ = {
			isa = XCBuildConfiguration;
			buildSettings = {
				ALWAYS_EMBED_SWIFT_STANDARD_LIBRARIES = YES;
				CODE_SIGN_STYLE = Automatic;
				INFOPLIST_FILE = storyBoardIntroUITests/Info.plist;
				LD_RUNPATH_SEARCH_PATHS = (
					"$(inherited)",
					"@executable_path/Frameworks",
					"@loader_path/Frameworks",
				);
				PRODUCT_BUNDLE_IDENTIFIER = leen.storyBoardIntroUITests;
				PRODUCT_NAME = "$(TARGET_NAME)";
				SWIFT_VERSION = 5.0;
				TARGETED_DEVICE_FAMILY = "1,2";
				TEST_TARGET_NAME = storyBoardIntro;
			};
			name = Debug;
		};
		BDFA727E26B19D7C00852B52 /* Release */ = {
			isa = XCBuildConfiguration;
			buildSettings = {
				ALWAYS_EMBED_SWIFT_STANDARD_LIBRARIES = YES;
				CODE_SIGN_STYLE = Automatic;
				INFOPLIST_FILE = storyBoardIntroUITests/Info.plist;
				LD_RUNPATH_SEARCH_PATHS = (
					"$(inherited)",
					"@executable_path/Frameworks",
					"@loader_path/Frameworks",
				);
				PRODUCT_BUNDLE_IDENTIFIER = leen.storyBoardIntroUITests;
				PRODUCT_NAME = "$(TARGET_NAME)";
				SWIFT_VERSION = 5.0;
				TARGETED_DEVICE_FAMILY = "1,2";
				TEST_TARGET_NAME = storyBoardIntro;
			};
			name = Release;
		};
/* End XCBuildConfiguration section */

/* Begin XCConfigurationList section */
		BDFA724426B19D7A00852B52 /* Build configuration list for PBXProject "storyBoardIntro" */ = {
			isa = XCConfigurationList;
			buildConfigurations = (
				BDFA727426B19D7C00852B52 /* Debug */,
				BDFA727526B19D7C00852B52 /* Release */,
			);
			defaultConfigurationIsVisible = 0;
			defaultConfigurationName = Release;
		};
		BDFA727626B19D7C00852B52 /* Build configuration list for PBXNativeTarget "storyBoardIntro" */ = {
			isa = XCConfigurationList;
			buildConfigurations = (
				BDFA727726B19D7C00852B52 /* Debug */,
				BDFA727826B19D7C00852B52 /* Release */,
			);
			defaultConfigurationIsVisible = 0;
			defaultConfigurationName = Release;
		};
		BDFA727926B19D7C00852B52 /* Build configuration list for PBXNativeTarget "storyBoardIntroTests" */ = {
			isa = XCConfigurationList;
			buildConfigurations = (
				BDFA727A26B19D7C00852B52 /* Debug */,
				BDFA727B26B19D7C00852B52 /* Release */,
			);
			defaultConfigurationIsVisible = 0;
			defaultConfigurationName = Release;
		};
		BDFA727C26B19D7C00852B52 /* Build configuration list for PBXNativeTarget "storyBoardIntroUITests" */ = {
			isa = XCConfigurationList;
			buildConfigurations = (
				BDFA727D26B19D7C00852B52 /* Debug */,
				BDFA727E26B19D7C00852B52 /* Release */,
			);
			defaultConfigurationIsVisible = 0;
			defaultConfigurationName = Release;
		};
/* End XCConfigurationList section */

/* Begin XCVersionGroup section */
		BDFA725526B19D7A00852B52 /* storyBoardIntro.xcdatamodeld */ = {
			isa = XCVersionGroup;
			children = (
				BDFA725626B19D7A00852B52 /* storyBoardIntro.xcdatamodel */,
			);
			currentVersion = BDFA725626B19D7A00852B52 /* storyBoardIntro.xcdatamodel */;
			path = storyBoardIntro.xcdatamodeld;
			sourceTree = "<group>";
			versionGroupType = wrapper.xcdatamodel;
		};
/* End XCVersionGroup section */
	};
	rootObject = BDFA724126B19D7A00852B52 /* Project object */;
}
